# This file is automatically @generated by Cargo.
# It is not intended for manual editing.
version = 4

[[package]]
name = "crasher"
version = "0.1.0"
dependencies = [
 "oceans-rt",
]

[[package]]
name = "echo-service"
version = "0.1.0"
dependencies = [
 "oceans-rt",
]

[[package]]
name = "hello-client"
version = "0.1.0"
dependencies = [
 "oceans-rt",
]

[[package]]
name = "init"
version = "0.1.0"
dependencies = [
 "oceans-rt",
]

[[package]]
name = "ipc-test"
version = "0.1.0"
dependencies = [
 "oceans-rt",
]

[[package]]
name = "oceans-abi"
version = "0.1.0"

[[package]]
name = "oceans-rt"
version = "0.1.0"
dependencies = [
 "oceans-abi",
]
