# This file is automatically @generated by Cargo.
# It is not intended for manual editing.
version = 4

[[package]]
name = "crasher"
version = "0.1.0"
dependencies = [
 "oceans-rt",
]

[[package]]
name = "echo-service"
version = "0.1.0"
dependencies = [
 "oceans-rt",
]

[[package]]
name = "fs"
version = "0.1.0"
dependencies = [
 "oceans-block-proto",
 "oceans-fs-proto",
 "oceans-rt",
 "oceans-volume",
]

[[package]]
name = "hello-client"
version = "0.1.0"
dependencies = [
 "oceans-rt",
]

[[package]]
name = "init"
version = "0.1.0"
dependencies = [
 "oceans-archive",
 "oceans-rt",
]

[[package]]
name = "ipc-test"
version = "0.1.0"
dependencies = [
 "oceans-rt",
]

[[package]]
name = "net"
version = "0.1.0"
dependencies = [
 "oceans-net",
 "oceans-net-proto",
 "oceans-rt",
]

[[package]]
name = "net-echo"
version = "0.1.0"
dependencies = [
 "oceans-net-proto",
 "oceans-rt",
]

[[package]]
name = "oceans-abi"
version = "0.1.0"

[[package]]
name = "oceans-archive"
version = "0.1.0"

[[package]]
name = "oceans-block-proto"
version = "0.1.0"
dependencies = [
 "oceans-rt",
]

[[package]]
name = "oceans-dns"
version = "0.1.0"

[[package]]
name = "oceans-elf"
version = "0.1.0"

[[package]]
name = "oceans-fs-proto"
version = "0.1.0"
dependencies = [
 "oceans-rt",
]

[[package]]
name = "oceans-heap"
version = "0.1.0"

[[package]]
name = "oceans-net"
version = "0.1.0"

[[package]]
name = "oceans-net-proto"
version = "0.1.0"
dependencies = [
 "oceans-dns",
 "oceans-rt",
]

[[package]]
name = "oceans-rt"
version = "0.1.0"
dependencies = [
 "oceans-abi",
 "oceans-heap",
]

[[package]]
name = "oceans-virtio"
version = "0.1.0"
dependencies = [
 "oceans-rt",
]

[[package]]
name = "oceans-volume"
version = "0.1.0"

[[package]]
name = "shell"
version = "0.1.0"
dependencies = [
 "oceans-elf",
 "oceans-fs-proto",
 "oceans-rt",
]

[[package]]
name = "utils"
version = "0.1.0"
dependencies = [
 "oceans-abi",
 "oceans-block-proto",
 "oceans-net-proto",
 "oceans-rt",
]

[[package]]
name = "virtio-blk"
version = "0.1.0"
dependencies = [
 "oceans-block-proto",
 "oceans-rt",
 "oceans-virtio",
]

[[package]]
name = "virtio-net"
version = "0.1.0"
dependencies = [
 "oceans-net-proto",
 "oceans-rt",
 "oceans-virtio",
]
